
Microsoft Visual Studio Solution File, Format Version 12.00
# Visual Studio Version 17
VisualStudioVersion = 17.10.35013.160
MinimumVisualStudioVersion = 10.0.40219.1
Project("{9A19103F-16F7-4668-BE54-9A1E7A4F7556}") = "Treinaí", "Treinaí.csproj", "{8A3F0848-5A2A-4590-A80C-743FD585E3F8}"
EndProject
Global
	GlobalSection(SolutionConfigurationPlatforms) = preSolution
		Debug|Any CPU = Debug|Any CPU
		Release|Any CPU = Release|Any CPU
	EndGlobalSection
	GlobalSection(ProjectConfigurationPlatforms) = postSolution
		{8A3F0848-5A2A-4590-A80C-743FD585E3F8}.Debug|Any CPU.ActiveCfg = Debug|Any CPU
		{8A3F0848-5A2A-4590-A80C-743FD585E3F8}.Debug|Any CPU.Build.0 = Debug|Any CPU
		{8A3F0848-5A2A-4590-A80C-743FD585E3F8}.Release|Any CPU.ActiveCfg = Release|Any CPU
		{8A3F0848-5A2A-4590-A80C-743FD585E3F8}.Release|Any CPU.Build.0 = Release|Any CPU
	EndGlobalSection
	GlobalSection(SolutionProperties) = preSolution
		HideSolutionNode = FALSE
	EndGlobalSection
	GlobalSection(ExtensibilityGlobals) = postSolution
		SolutionGuid = {A4378999-D700-45AF-AD9F-569A835FF3D8}
	EndGlobalSection
EndGlobal
